
Microsoft Visual Studio Solution File, Format Version 12.00
# Visual Studio 15
VisualStudioVersion = 15.0.27004.2010
MinimumVisualStudioVersion = 10.0.40219.1
Project("{9A19103F-16F7-4668-BE54-9A1E7A4F7556}") = "Advent2016", "Advent2016\Advent2016.csproj", "{F575C1B7-2465-434F-B29A-B56B1573AC1B}"
EndProject
Project("{9A19103F-16F7-4668-BE54-9A1E7A4F7556}") = "Advent2015", "Advent2015\Advent2015.csproj", "{7A42AE9C-D88E-492D-A1CA-3695A87EC57D}"
EndProject
Project("{9A19103F-16F7-4668-BE54-9A1E7A4F7556}") = "Advent2017", "Advent2017\Advent2017.csproj", "{5B816815-4144-4974-A353-D4202F5B40A9}"
EndProject
Project("{9A19103F-16F7-4668-BE54-9A1E7A4F7556}") = "Advent2018", "Advent2018\Advent2018.csproj", "{94F32CB7-BDDF-4C02-867C-E15B33CA9CAC}"
EndProject
Global
	GlobalSection(SolutionConfigurationPlatforms) = preSolution
		Debug|Any CPU = Debug|Any CPU
		Release|Any CPU = Release|Any CPU
	EndGlobalSection
	GlobalSection(ProjectConfigurationPlatforms) = postSolution
		{F575C1B7-2465-434F-B29A-B56B1573AC1B}.Debug|Any CPU.ActiveCfg = Debug|Any CPU
		{F575C1B7-2465-434F-B29A-B56B1573AC1B}.Debug|Any CPU.Build.0 = Debug|Any CPU
		{F575C1B7-2465-434F-B29A-B56B1573AC1B}.Release|Any CPU.ActiveCfg = Release|Any CPU
		{F575C1B7-2465-434F-B29A-B56B1573AC1B}.Release|Any CPU.Build.0 = Release|Any CPU
		{7A42AE9C-D88E-492D-A1CA-3695A87EC57D}.Debug|Any CPU.ActiveCfg = Debug|Any CPU
		{7A42AE9C-D88E-492D-A1CA-3695A87EC57D}.Debug|Any CPU.Build.0 = Debug|Any CPU
		{7A42AE9C-D88E-492D-A1CA-3695A87EC57D}.Release|Any CPU.ActiveCfg = Release|Any CPU
		{7A42AE9C-D88E-492D-A1CA-3695A87EC57D}.Release|Any CPU.Build.0 = Release|Any CPU
		{5B816815-4144-4974-A353-D4202F5B40A9}.Debug|Any CPU.ActiveCfg = Debug|Any CPU
		{5B816815-4144-4974-A353-D4202F5B40A9}.Debug|Any CPU.Build.0 = Debug|Any CPU
		{5B816815-4144-4974-A353-D4202F5B40A9}.Release|Any CPU.ActiveCfg = Release|Any CPU
		{5B816815-4144-4974-A353-D4202F5B40A9}.Release|Any CPU.Build.0 = Release|Any CPU
		{94F32CB7-BDDF-4C02-867C-E15B33CA9CAC}.Debug|Any CPU.ActiveCfg = Debug|Any CPU
		{94F32CB7-BDDF-4C02-867C-E15B33CA9CAC}.Debug|Any CPU.Build.0 = Debug|Any CPU
		{94F32CB7-BDDF-4C02-867C-E15B33CA9CAC}.Release|Any CPU.ActiveCfg = Release|Any CPU
		{94F32CB7-BDDF-4C02-867C-E15B33CA9CAC}.Release|Any CPU.Build.0 = Release|Any CPU
	EndGlobalSection
	GlobalSection(SolutionProperties) = preSolution
		HideSolutionNode = FALSE
	EndGlobalSection
	GlobalSection(ExtensibilityGlobals) = postSolution
		SolutionGuid = {00562527-85E9-447A-84F4-3F661687CE62}
	EndGlobalSection
EndGlobal
