
Microsoft Visual Studio Solution File, Format Version 12.00
# Visual Studio 15
VisualStudioVersion = 15.0.27004.2010
MinimumVisualStudioVersion = 10.0.40219.1
Project("{FAE04EC0-301F-11D3-BF4B-00C04F79EFBC}") = "Advent2016", "Advent2016\Advent2016.csproj", "{F575C1B7-2465-434F-B29A-B56B1573AC1B}"
EndProject
Project("{FAE04EC0-301F-11D3-BF4B-00C04F79EFBC}") = "Advent2015", "Advent2015\Advent2015.csproj", "{7A42AE9C-D88E-492D-A1CA-3695A87EC57D}"
EndProject
Global
	GlobalSection(SolutionConfigurationPlatforms) = preSolution
		Debug|Any CPU = Debug|Any CPU
		Release|Any CPU = Release|Any CPU
	EndGlobalSection
	GlobalSection(ProjectConfigurationPlatforms) = postSolution
		{F575C1B7-2465-434F-B29A-B56B1573AC1B}.Debug|Any CPU.ActiveCfg = Debug|Any CPU
		{F575C1B7-2465-434F-B29A-B56B1573AC1B}.Debug|Any CPU.Build.0 = Debug|Any CPU
		{F575C1B7-2465-434F-B29A-B56B1573AC1B}.Release|Any CPU.ActiveCfg = Release|Any CPU
		{F575C1B7-2465-434F-B29A-B56B1573AC1B}.Release|Any CPU.Build.0 = Release|Any CPU
		{7A42AE9C-D88E-492D-A1CA-3695A87EC57D}.Debug|Any CPU.ActiveCfg = Debug|Any CPU
		{7A42AE9C-D88E-492D-A1CA-3695A87EC57D}.Debug|Any CPU.Build.0 = Debug|Any CPU
		{7A42AE9C-D88E-492D-A1CA-3695A87EC57D}.Release|Any CPU.ActiveCfg = Release|Any CPU
		{7A42AE9C-D88E-492D-A1CA-3695A87EC57D}.Release|Any CPU.Build.0 = Release|Any CPU
	EndGlobalSection
	GlobalSection(SolutionProperties) = preSolution
		HideSolutionNode = FALSE
	EndGlobalSection
	GlobalSection(ExtensibilityGlobals) = postSolution
		SolutionGuid = {00562527-85E9-447A-84F4-3F661687CE62}
	EndGlobalSection
EndGlobal
